
Microsoft Visual Studio Solution File, Format Version 12.00
# Visual Studio Version 16
VisualStudioVersion = 16.0.31205.134
MinimumVisualStudioVersion = 10.0.40219.1
Project("{FAE04EC0-301F-11D3-BF4B-00C04F79EFBC}") = "WebApplication4", "WebApplication4.csproj", "{14FEAFC1-0F5B-40E6-BF40-5AD907393BE5}"
EndProject
Global
	GlobalSection(SolutionConfigurationPlatforms) = preSolution
		Debug|Any CPU = Debug|Any CPU
		Release|Any CPU = Release|Any CPU
	EndGlobalSection
	GlobalSection(ProjectConfigurationPlatforms) = postSolution
		{14FEAFC1-0F5B-40E6-BF40-5AD907393BE5}.Debug|Any CPU.ActiveCfg = Debug|Any CPU
		{14FEAFC1-0F5B-40E6-BF40-5AD907393BE5}.Debug|Any CPU.Build.0 = Debug|Any CPU
		{14FEAFC1-0F5B-40E6-BF40-5AD907393BE5}.Release|Any CPU.ActiveCfg = Release|Any CPU
		{14FEAFC1-0F5B-40E6-BF40-5AD907393BE5}.Release|Any CPU.Build.0 = Release|Any CPU
	EndGlobalSection
	GlobalSection(SolutionProperties) = preSolution
		HideSolutionNode = FALSE
	EndGlobalSection
	GlobalSection(ExtensibilityGlobals) = postSolution
		SolutionGuid = {5B54EAB2-C38D-44A0-BB76-39138F679CEC}
	EndGlobalSection
EndGlobal
